lockfileVersion: '9.0'

settings:
  autoInstallPeers: true
  excludeLinksFromLockfile: false

importers:

  .:
    dependencies:
      '@x0k/json-schema-merge':
        specifier: 1.0.2
        version: 1.0.2
      class-validator:
        specifier: 0.14.3
        version: 0.14.3
      randexp:
        specifier: 0.5.3
        version: 0.5.3
      typescript:
        specifier: ^5
        version: 5.9.3
    devDependencies:
      '@biomejs/biome':
        specifier: 2.4.3
        version: 2.4.3
      '@types/bun':
        specifier: latest
        version: 1.3.9
      lefthook:
        specifier: ^2.1.1
        version: 2.1.1
      mitata:
        specifier: ^1.0.34
        version: 1.0.34

packages:

  '@biomejs/biome@2.4.3':
    resolution: {integrity: sha512-cBrjf6PNF6yfL8+kcNl85AjiK2YHNsbU0EvDOwiZjBPbMbQ5QcgVGFpjD0O52p8nec5O8NYw7PKw3xUR7fPAkQ==}
    engines: {node: '>=14.21.3'}
    hasBin: true

  '@biomejs/cli-darwin-arm64@2.4.3':
    resolution: {integrity: sha512-eOafSFlI/CF4id2tlwq9CVHgeEqvTL5SrhWff6ZORp6S3NL65zdsR3ugybItkgF8Pf4D9GSgtbB6sE3UNgOM9w==}
    engines: {node: '>=14.21.3'}
    cpu: [arm64]
    os: [darwin]

  '@biomejs/cli-darwin-x64@2.4.3':
    resolution: {integrity: sha512-V2+av4ilbWcBMNufTtMMXVW00nPwyIjI5qf7n9wSvUaZ+tt0EvMGk46g9sAFDJBEDOzSyoRXiSP6pCvKTOEbPA==}
    engines: {node: '>=14.21.3'}
    cpu: [x64]
    os: [darwin]

  '@biomejs/cli-linux-arm64-musl@2.4.3':
    resolution: {integrity: sha512-QuFzvsGo8BA4Xm7jGX5idkw6BqFblcCPySMTvq0AhGYnhUej5VJIDJbmTKfHqwjHepZiC4fA+T5i6wmiZolZNw==}
    engines: {node: '>=14.21.3'}
    cpu: [arm64]
    os: [linux]

  '@biomejs/cli-linux-arm64@2.4.3':
    resolution: {integrity: sha512-0m+O0x9FgK99FAwDK+fiDtjs2wnqq7bvfj17KJVeCkTwT/liI+Q9njJG7lwXK0iSJVXeFNRIxukpVI3SifMYAA==}
    engines: {node: '>=14.21.3'}
    cpu: [arm64]
    os: [linux]

  '@biomejs/cli-linux-x64-musl@2.4.3':
    resolution: {integrity: sha512-qEc0OCpj/uytruQ4wLM0yWNJLZy0Up8H1Er5MW3SrstqM6J2d4XqdNA86xzCy8MQCHpoVZ3lFye3GBlIL4/ljw==}
    engines: {node: '>=14.21.3'}
    cpu: [x64]
    os: [linux]

  '@biomejs/cli-linux-x64@2.4.3':
    resolution: {integrity: sha512-NVqh0saIU0u5OfOp/0jFdlKRE59+XyMvWmtx0f6Nm/2OpdxBl04coRIftBbY9d1gfu+23JVv4CItAqPYrjYh5w==}
    engines: {node: '>=14.21.3'}
    cpu: [x64]
    os: [linux]

  '@biomejs/cli-win32-arm64@2.4.3':
    resolution: {integrity: sha512-gRO96vrIARilv/Cp2ZnmNNL5LSZg3RO75GPp13hsLO3N4YVpE7saaMDp2bcyV48y2N2Pbit1brkGVGta0yd6VQ==}
    engines: {node: '>=14.21.3'}
    cpu: [arm64]
    os: [win32]

  '@biomejs/cli-win32-x64@2.4.3':
    resolution: {integrity: sha512-vSm/vOJe06pf14aGHfHl3Ar91Nlx4YYmohElDJ+17UbRwe99n987S/MhAlQOkONqf1utJor04ChkCPmKb8SWdw==}
    engines: {node: '>=14.21.3'}
    cpu: [x64]
    os: [win32]

  '@types/bun@1.3.9':
    resolution: {integrity: sha512-KQ571yULOdWJiMH+RIWIOZ7B2RXQGpL1YQrBtLIV3FqDcCu6FsbFUBwhdKUlCKUpS3PJDsHlJ1QKlpxoVR+xtw==}

  '@types/json-schema@7.0.15':
    resolution: {integrity: sha512-5+fP8P8MFNC+AyZCDxrB2pkZFPGzqQWUzpSeuuVLvm8VMcorNYavBqoFcxK8bQz4Qsbn4oUEEem4wDLfcysGHA==}

  '@types/node@25.3.0':
    resolution: {integrity: sha512-4K3bqJpXpqfg2XKGK9bpDTc6xO/xoUP/RBWS7AtRMug6zZFaRekiLzjVtAoZMquxoAbzBvy5nxQ7veS5eYzf8A==}

  '@types/validator@13.15.10':
    resolution: {integrity: sha512-T8L6i7wCuyoK8A/ZeLYt1+q0ty3Zb9+qbSSvrIVitzT3YjZqkTZ40IbRsPanlB4h1QB3JVL1SYCdR6ngtFYcuA==}

  '@x0k/json-schema-merge@1.0.2':
    resolution: {integrity: sha512-1734qiJHNX3+cJGDMMw2yz7R+7kpbAtl5NdPs1c/0gO5kYT6s4dMbLXiIfpZNsOYhGZI3aH7FWrj4Zxz7epXNg==}

  bun-types@1.3.9:
    resolution: {integrity: sha512-+UBWWOakIP4Tswh0Bt0QD0alpTY8cb5hvgiYeWCMet9YukHbzuruIEeXC2D7nMJPB12kbh8C7XJykSexEqGKJg==}

  class-validator@0.14.3:
    resolution: {integrity: sha512-rXXekcjofVN1LTOSw+u4u9WXVEUvNBVjORW154q/IdmYWy1nMbOU9aNtZB0t8m+FJQ9q91jlr2f9CwwUFdFMRA==}

  drange@1.1.1:
    resolution: {integrity: sha512-pYxfDYpued//QpnLIm4Avk7rsNtAtQkUES2cwAYSvD/wd2pKD71gN2Ebj3e7klzXwjocvE8c5vx/1fxwpqmSxA==}
    engines: {node: '>=4'}

  lefthook-darwin-arm64@2.1.1:
    resolution: {integrity: sha512-O/RS1j03/Fnq5zCzEb2r7UOBsqPeBuf1C5pMkIJcO4TSE6hf3rhLUkcorKc2M5ni/n5zLGtzQUXHV08/fSAT3Q==}
    cpu: [arm64]
    os: [darwin]

  lefthook-darwin-x64@2.1.1:
    resolution: {integrity: sha512-mm/kdKl81ROPoYnj9XYk5JDqj+/6Al8w/SSPDfhItkLJyl4pqS+hWUOP6gDGrnuRk8S0DvJ2+hzhnDsQnZohWQ==}
    cpu: [x64]
    os: [darwin]

  lefthook-freebsd-arm64@2.1.1:
    resolution: {integrity: sha512-F7JXlKmjxGqGbCWPLND0bVB4DMQezIe48pEwTlUQZbxh450c2gP5Q8FdttMZKOT163kBGGTqJAJSEC6zW+QSxA==}
    cpu: [arm64]
    os: [freebsd]

  lefthook-freebsd-x64@2.1.1:
    resolution: {integrity: sha512-Po8/lJMqNzKSZPuEI46dLuWoBoXtAxCuRpeOh6DAV/M4RhBynaCu8rLMZ9BqF7cVbZEWoplOmYo6HdOuiYpCkQ==}
    cpu: [x64]
    os: [freebsd]

  lefthook-linux-arm64@2.1.1:
    resolution: {integrity: sha512-mI2ljFgPEqHxI8vrN9nKgnVu63Rz1KisDbPwlvs7BTYNwq3sncdK5ukpGR4zzWdh6saNJ5tCtHEtep5GQI11nw==}
    cpu: [arm64]
    os: [linux]

  lefthook-linux-x64@2.1.1:
    resolution: {integrity: sha512-m3G/FaxC+crxeg9XeaUuHfEoL+i9gbkg2Hp2KD2IcVVIxprqlyqf0Hb8zbLV2NMXuo5RSGokJu44oAoTO3Ou2g==}
    cpu: [x64]
    os: [linux]

  lefthook-openbsd-arm64@2.1.1:
    resolution: {integrity: sha512-gz/8FJPvhjOdOFt1GmFvuvDOe+W+BBRjoeAT1/mTgkN7HCXMXgqNjjvakQKQeGz1I1v08wXG1ZNf5y+T9XBCDQ==}
    cpu: [arm64]
    os: [openbsd]

  lefthook-openbsd-x64@2.1.1:
    resolution: {integrity: sha512-ch3lyMUtbmtWUufaQVn4IoEs/2hjK51XqaCdY1mh5ca//VctR1peknIwQ5feHu+vATCDviWQ7HsdNDewm3HMPg==}
    cpu: [x64]
    os: [openbsd]

  lefthook-windows-arm64@2.1.1:
    resolution: {integrity: sha512-mm3PZhKDs9FE/jQDimkfWxtoj9xQ2k8uw2MdhtC825bhvIh+MEi0WFj/MOW+ug0RBg0I55tGYzZ5aVuozAWpTQ==}
    cpu: [arm64]
    os: [win32]

  lefthook-windows-x64@2.1.1:
    resolution: {integrity: sha512-1L2oGIzmhfOTxfwbe5mpSQ+m3ilpvGNymwIhn4UHq6hwHsUL6HEhODqx02GfBn6OXpVIr56bvdBAusjL/SVYGQ==}
    cpu: [x64]
    os: [win32]

  lefthook@2.1.1:
    resolution: {integrity: sha512-Tl9h9c+sG3ShzTHKuR3LAIblnnh+Mgxnm2Ul7yu9cu260Z27LEbO3V6Zw4YZFP59/2rlD42pt/llYsQCkkCFzw==}
    hasBin: true

  libphonenumber-js@1.12.37:
    resolution: {integrity: sha512-rDU6bkpuMs8YRt/UpkuYEAsYSoNuDEbrE41I3KNvmXREGH6DGBJ8Wbak4by29wNOQ27zk4g4HL82zf0OGhwRuw==}

  mitata@1.0.34:
    resolution: {integrity: sha512-Mc3zrtNBKIMeHSCQ0XqRLo1vbdIx1wvFV9c8NJAiyho6AjNfMY8bVhbS12bwciUdd1t4rj8099CH3N3NFahaUA==}

  randexp@0.5.3:
    resolution: {integrity: sha512-U+5l2KrcMNOUPYvazA3h5ekF80FHTUG+87SEAmHZmolh1M+i/WyTCxVzmi+tidIa1tM4BSe8g2Y/D3loWDjj+w==}
    engines: {node: '>=4'}

  ret@0.2.2:
    resolution: {integrity: sha512-M0b3YWQs7R3Z917WRQy1HHA7Ba7D8hvZg6UE5mLykJxQVE2ju0IXbGlaHPPlkY+WN7wFP+wUMXmBFA0aV6vYGQ==}
    engines: {node: '>=4'}

  typescript@5.9.3:
    resolution: {integrity: sha512-jl1vZzPDinLr9eUt3J/t7V6FgNEw9QjvBPdysz9KfQDD41fQrC2Y4vKQdiaUpFT4bXlb1RHhLpp8wtm6M5TgSw==}
    engines: {node: '>=14.17'}
    hasBin: true

  undici-types@7.18.2:
    resolution: {integrity: sha512-AsuCzffGHJybSaRrmr5eHr81mwJU3kjw6M+uprWvCXiNeN9SOGwQ3Jn8jb8m3Z6izVgknn1R0FTCEAP2QrLY/w==}

  validator@13.15.26:
    resolution: {integrity: sha512-spH26xU080ydGggxRyR1Yhcbgx+j3y5jbNXk/8L+iRvdIEQ4uTRH2Sgf2dokud6Q4oAtsbNvJ1Ft+9xmm6IZcA==}
    engines: {node: '>= 0.10'}

snapshots:

  '@biomejs/biome@2.4.3':
    optionalDependencies:
      '@biomejs/cli-darwin-arm64': 2.4.3
      '@biomejs/cli-darwin-x64': 2.4.3
      '@biomejs/cli-linux-arm64': 2.4.3
      '@biomejs/cli-linux-arm64-musl': 2.4.3
      '@biomejs/cli-linux-x64': 2.4.3
      '@biomejs/cli-linux-x64-musl': 2.4.3
      '@biomejs/cli-win32-arm64': 2.4.3
      '@biomejs/cli-win32-x64': 2.4.3

  '@biomejs/cli-darwin-arm64@2.4.3':
    optional: true

  '@biomejs/cli-darwin-x64@2.4.3':
    optional: true

  '@biomejs/cli-linux-arm64-musl@2.4.3':
    optional: true

  '@biomejs/cli-linux-arm64@2.4.3':
    optional: true

  '@biomejs/cli-linux-x64-musl@2.4.3':
    optional: true

  '@biomejs/cli-linux-x64@2.4.3':
    optional: true

  '@biomejs/cli-win32-arm64@2.4.3':
    optional: true

  '@biomejs/cli-win32-x64@2.4.3':
    optional: true

  '@types/bun@1.3.9':
    dependencies:
      bun-types: 1.3.9

  '@types/json-schema@7.0.15': {}

  '@types/node@25.3.0':
    dependencies:
      undici-types: 7.18.2

  '@types/validator@13.15.10': {}

  '@x0k/json-schema-merge@1.0.2':
    dependencies:
      '@types/json-schema': 7.0.15

  bun-types@1.3.9:
    dependencies:
      '@types/node': 25.3.0

  class-validator@0.14.3:
    dependencies:
      '@types/validator': 13.15.10
      libphonenumber-js: 1.12.37
      validator: 13.15.26

  drange@1.1.1: {}

  lefthook-darwin-arm64@2.1.1:
    optional: true

  lefthook-darwin-x64@2.1.1:
    optional: true

  lefthook-freebsd-arm64@2.1.1:
    optional: true

  lefthook-freebsd-x64@2.1.1:
    optional: true

  lefthook-linux-arm64@2.1.1:
    optional: true

  lefthook-linux-x64@2.1.1:
    optional: true

  lefthook-openbsd-arm64@2.1.1:
    optional: true

  lefthook-openbsd-x64@2.1.1:
    optional: true

  lefthook-windows-arm64@2.1.1:
    optional: true

  lefthook-windows-x64@2.1.1:
    optional: true

  lefthook@2.1.1:
    optionalDependencies:
      lefthook-darwin-arm64: 2.1.1
      lefthook-darwin-x64: 2.1.1
      lefthook-freebsd-arm64: 2.1.1
      lefthook-freebsd-x64: 2.1.1
      lefthook-linux-arm64: 2.1.1
      lefthook-linux-x64: 2.1.1
      lefthook-openbsd-arm64: 2.1.1
      lefthook-openbsd-x64: 2.1.1
      lefthook-windows-arm64: 2.1.1
      lefthook-windows-x64: 2.1.1

  libphonenumber-js@1.12.37: {}

  mitata@1.0.34: {}

  randexp@0.5.3:
    dependencies:
      drange: 1.1.1
      ret: 0.2.2

  ret@0.2.2: {}

  typescript@5.9.3: {}

  undici-types@7.18.2: {}

  validator@13.15.26: {}
